
Microsoft Visual Studio Solution File, Format Version 12.00
# Visual Studio 15
VisualStudioVersion = 15.0.28307.539
MinimumVisualStudioVersion = 10.0.40219.1
Project("{8BC9CEB8-8B4A-11D0-8D11-00A0C91BC942}") = "Tema4", "Tema4\Tema4.vcxproj", "{A29FA93C-2495-43DE-9259-3D3741DA2D5E}"
EndProject
Global
	GlobalSection(SolutionConfigurationPlatforms) = preSolution
		Debug|x64 = Debug|x64
		Debug|x86 = Debug|x86
		Release|x64 = Release|x64
		Release|x86 = Release|x86
	EndGlobalSection
	GlobalSection(ProjectConfigurationPlatforms) = postSolution
		{A29FA93C-2495-43DE-9259-3D3741DA2D5E}.Debug|x64.ActiveCfg = Debug|x64
		{A29FA93C-2495-43DE-9259-3D3741DA2D5E}.Debug|x64.Build.0 = Debug|x64
		{A29FA93C-2495-43DE-9259-3D3741DA2D5E}.Debug|x86.ActiveCfg = Debug|Win32
		{A29FA93C-2495-43DE-9259-3D3741DA2D5E}.Debug|x86.Build.0 = Debug|Win32
		{A29FA93C-2495-43DE-9259-3D3741DA2D5E}.Release|x64.ActiveCfg = Release|x64
		{A29FA93C-2495-43DE-9259-3D3741DA2D5E}.Release|x64.Build.0 = Release|x64
		{A29FA93C-2495-43DE-9259-3D3741DA2D5E}.Release|x86.ActiveCfg = Release|Win32
		{A29FA93C-2495-43DE-9259-3D3741DA2D5E}.Release|x86.Build.0 = Release|Win32
	EndGlobalSection
	GlobalSection(SolutionProperties) = preSolution
		HideSolutionNode = FALSE
	EndGlobalSection
	GlobalSection(ExtensibilityGlobals) = postSolution
		SolutionGuid = {7DC14FF0-5E8F-4806-9D0C-E3E36D13EA2F}
	EndGlobalSection
EndGlobal
